{
  "version": 4,
  "terraform_version": "1.11.2",
  "serial": 120,
  "lineage": "48926237-53cd-2f6f-e039-ea71ecf47883",
  "outputs": {},
  "resources": [
    {
      "mode": "managed",
      "type": "azurerm_linux_virtual_machine",
      "name": "mylinuxvm",
      "provider": "provider[\"registry.terraform.io/hashicorp/azurerm\"]",
      "instances": [
        {
          "schema_version": 0,
          "attributes": {
            "additional_capabilities": [],
            "admin_password": null,
            "admin_ssh_key": [
              {
                "public_key": "ssh-rsa AAAAB3NzaC1yc2EAAAADAQABAAACAQCxA6mEMrD7t6WV9VkWDiNLLtfJo9Fjiq9BQ0QSST1lfz6khwr7ALrjddDSVELMqtDsey7otyz+GvsXYN5Pw2/aR50ym5ft7Plz7f2YmTEzhSBa5nAnin1HnGFQwiYsYF25qdUsNDvkLrkWs8Nn2n7wGT8hmrRK+NROWNb4Jl7fqdiHdmd2xbWQNMIZ3D6rjFF2rVpmTHaK7w6P1ZwWRdjH+6rcFOdS1O76zctpoVPcZ3731FxHnsBwUEucAbVdT9oKefwCsgsF8IUeKMAdHexkpB6OO/7DU4sy22yByrHBsv+e2KBAFSRNwom4Fa+kpy3iMlMklysJDtAF9Ob6EqDXuKEyFdis8rbND1byN4H/kKw9nDsLqIW3KjoUf/hBHafLbElKSsq8kRZKTHPhzVIHKfOJhX2lsOW2s2X/RnNrb1cDTqZQanqNIk/umnJZR8hG87CbxOyni04xFp89OqbRl7Pnm7+efqGVYA5wLk7EnwHnj9uI+Yxz2HyBW7Y645pNt8WuwiEabcyHe+ht40Sx8XVAayCoaA6RhZjMGP4xykBf3i7Is9VlrwgjcrYbrwJo5aF/4x7pP+6SgNKnAi39JGL1kzEHVu5FJiHxJqd8/fYNlKz+I9/e+b1IZgQchelsUPG8SYtU7/6wi70xw4fvaEkwFYRDaF1SowqDBggnFw== azureuser@myserver\n",
                "username": "azureuser"
              }
            ],
            "admin_username": "azureuser",
            "allow_extension_operations": true,
            "availability_set_id": "",
            "boot_diagnostics": [],
            "bypass_platform_safety_checks_on_user_schedule_enabled": false,
            "capacity_reservation_group_id": "",
            "computer_name": "devlinux-vm1",
            "custom_data": "I2Nsb3VkLWNvbmZpZwpwYWNrYWdlX3VwZ3JhZGU6IGZhbHNlCnBhY2thZ2VzOgogIC0gaHR0cGQKd3JpdGVfZmlsZXM6CiAgLSBvd25lcjogcm9vdDpyb290IAogICAgcGF0aDogL3Zhci93d3cvaHRtbC9pbmRleC5odG1sCiAgICBjb250ZW50OiB8CiAgICAgIDxoMT5XZWxjb21lIHRvIFN0YWNrU2ltcGxpZnkgLSBBUFAtMTwvaDE+CiAgLSBvd25lcjogcm9vdDpyb290IAogICAgcGF0aDogL3Zhci93d3cvaHRtbC9hcHAxL2luZGV4Lmh0bWwKICAgIGNvbnRlbnQ6IHwKICAgICAgPCFET0NUWVBFIGh0bWw+IDxodG1sPiA8Ym9keSBzdHlsZT0iYmFja2dyb3VuZC1jb2xvcjpyZ2IoMjUwLCAyMTAsIDIxMCk7Ij4gPGgxPldlbGNvbWUgdG8gU3RhY2sgU2ltcGxpZnkgLSBBUFAtMTwvaDE+IDxwPlRlcnJhZm9ybSBEZW1vPC9wPiA8cD5BcHBsaWNhdGlvbiBWZXJzaW9uOiBWMTwvcD4gPC9ib2R5PjwvaHRtbD4gICAgICAKcnVuY21kOgogIC0gc3VkbyBzeXN0ZW1jdGwgc3RhcnQgaHR0cGQgIAogIC0gc3VkbyBzeXN0ZW1jdGwgZW5hYmxlIGh0dHBkCiAgLSBzdWRvIHN5c3RlbWN0bCBzdG9wIGZpcmV3YWxsZAogIC0gc3VkbyBta2RpciAvdmFyL3d3dy9odG1sL2FwcDEgCiAgLSBbc3VkbywgY3VybCwgLUgsICJNZXRhZGF0YTp0cnVlIiwgLS1ub3Byb3h5LCAiKiIsICJodHRwOi8vMTY5LjI1NC4xNjkuMjU0L21ldGFkYXRhL2luc3RhbmNlP2FwaS12ZXJzaW9uPTIwMjAtMDktMDEiLCAtbywgL3Zhci93d3cvaHRtbC9hcHAxL21ldGFkYXRhLmh0bWxdCgo=",
            "dedicated_host_group_id": "",
            "dedicated_host_id": "",
            "disable_password_authentication": true,
            "disk_controller_type": "SCSI",
            "edge_zone": "",
            "encryption_at_host_enabled": false,
            "eviction_policy": "",
            "extensions_time_budget": "PT1H30M",
            "gallery_application": [],
            "id": "/subscriptions/77618802-0818-4173-8674-95a126ef0cc2/resourceGroups/myrg-1/providers/Microsoft.Compute/virtualMachines/mylinuxvm-1",
            "identity": [],
            "license_type": "",
            "location": "eastus",
            "max_bid_price": -1,
            "name": "mylinuxvm-1",
            "network_interface_ids": [
              "/subscriptions/77618802-0818-4173-8674-95a126ef0cc2/resourceGroups/myrg-1/providers/Microsoft.Network/networkInterfaces/vmnic"
            ],
            "os_disk": [
              {
                "caching": "ReadWrite",
                "diff_disk_settings": [],
                "disk_encryption_set_id": "",
                "disk_size_gb": 64,
                "id": "/subscriptions/77618802-0818-4173-8674-95a126ef0cc2/resourceGroups/myrg-1/providers/Microsoft.Compute/disks/osdisk",
                "name": "osdisk",
                "secure_vm_disk_encryption_set_id": "",
                "security_encryption_type": "",
                "storage_account_type": "Standard_LRS",
                "write_accelerator_enabled": false
              }
            ],
            "os_image_notification": [],
            "os_managed_disk_id": "/subscriptions/77618802-0818-4173-8674-95a126ef0cc2/resourceGroups/myrg-1/providers/Microsoft.Compute/disks/osdisk",
            "patch_assessment_mode": "ImageDefault",
            "patch_mode": "ImageDefault",
            "plan": [],
            "platform_fault_domain": -1,
            "priority": "Regular",
            "private_ip_address": "10.0.2.4",
            "private_ip_addresses": [
              "10.0.2.4"
            ],
            "provision_vm_agent": true,
            "proximity_placement_group_id": "",
            "public_ip_address": "172.173.147.127",
            "public_ip_addresses": [
              "172.173.147.127"
            ],
            "reboot_setting": "",
            "resource_group_name": "myrg-1",
            "secret": [],
            "secure_boot_enabled": false,
            "size": "Standard_D2s_v3",
            "source_image_id": "",
            "source_image_reference": [
              {
                "offer": "RHEL",
                "publisher": "RedHat",
                "sku": "83-gen2",
                "version": "latest"
              }
            ],
            "tags": null,
            "termination_notification": null,
            "timeouts": null,
            "user_data": "",
            "virtual_machine_id": "b493f0a1-18b9-4175-80f6-9030d7cbe828",
            "virtual_machine_scale_set_id": "",
            "vm_agent_platform_updates_enabled": false,
            "vtpm_enabled": false,
            "zone": ""
          },
          "sensitive_attributes": [
            [
              {
                "type": "get_attr",
                "value": "admin_password"
              }
            ],
            [
              {
                "type": "get_attr",
                "value": "custom_data"
              }
            ]
          ],
          "private": "eyJlMmJmYjczMC1lY2FhLTExZTYtOGY4OC0zNDM2M2JjN2M0YzAiOnsiY3JlYXRlIjoyNzAwMDAwMDAwMDAwLCJkZWxldGUiOjI3MDAwMDAwMDAwMDAsInJlYWQiOjMwMDAwMDAwMDAwMCwidXBkYXRlIjoyNzAwMDAwMDAwMDAwfX0=",
          "dependencies": [
            "azurerm_network_interface.myvmnic",
            "azurerm_public_ip.mypublicip",
            "azurerm_resource_group.myrg",
            "azurerm_subnet.mysubnet",
            "azurerm_virtual_network.myvnet",
            "random_string.myrandom"
          ]
        }
      ]
    },
    {
      "mode": "managed",
      "type": "azurerm_network_interface",
      "name": "myvmnic",
      "provider": "provider[\"registry.terraform.io/hashicorp/azurerm\"]",
      "instances": [
        {
          "schema_version": 0,
          "attributes": {
            "accelerated_networking_enabled": false,
            "applied_dns_servers": [],
            "auxiliary_mode": "",
            "auxiliary_sku": "",
            "dns_servers": [],
            "edge_zone": "",
            "id": "/subscriptions/77618802-0818-4173-8674-95a126ef0cc2/resourceGroups/myrg-1/providers/Microsoft.Network/networkInterfaces/vmnic",
            "internal_dns_name_label": "",
            "internal_domain_name_suffix": "rjvmssy3wnouhpczeeyq42fa5e.bx.internal.cloudapp.net",
            "ip_configuration": [
              {
                "gateway_load_balancer_frontend_ip_configuration_id": "",
                "name": "internal",
                "primary": true,
                "private_ip_address": "10.0.2.4",
                "private_ip_address_allocation": "Dynamic",
                "private_ip_address_version": "IPv4",
                "public_ip_address_id": "/subscriptions/77618802-0818-4173-8674-95a126ef0cc2/resourceGroups/myrg-1/providers/Microsoft.Network/publicIPAddresses/mypublicip-1",
                "subnet_id": "/subscriptions/77618802-0818-4173-8674-95a126ef0cc2/resourceGroups/myrg-1/providers/Microsoft.Network/virtualNetworks/myvnet-1/subnets/mysubnet-1"
              }
            ],
            "ip_forwarding_enabled": false,
            "location": "eastus",
            "mac_address": "60-45-BD-A8-2C-B5",
            "name": "vmnic",
            "private_ip_address": "10.0.2.4",
            "private_ip_addresses": [
              "10.0.2.4"
            ],
            "resource_group_name": "myrg-1",
            "tags": {},
            "timeouts": null,
            "virtual_machine_id": "/subscriptions/77618802-0818-4173-8674-95a126ef0cc2/resourceGroups/myrg-1/providers/Microsoft.Compute/virtualMachines/mylinuxvm-1"
          },
          "sensitive_attributes": [],
          "private": "eyJlMmJmYjczMC1lY2FhLTExZTYtOGY4OC0zNDM2M2JjN2M0YzAiOnsiY3JlYXRlIjoxODAwMDAwMDAwMDAwLCJkZWxldGUiOjE4MDAwMDAwMDAwMDAsInJlYWQiOjMwMDAwMDAwMDAwMCwidXBkYXRlIjoxODAwMDAwMDAwMDAwfX0=",
          "dependencies": [
            "azurerm_public_ip.mypublicip",
            "azurerm_resource_group.myrg",
            "azurerm_subnet.mysubnet",
            "azurerm_virtual_network.myvnet",
            "random_string.myrandom"
          ]
        }
      ]
    },
    {
      "mode": "managed",
      "type": "azurerm_network_interface_security_group_association",
      "name": "nsg_nic",
      "provider": "provider[\"registry.terraform.io/hashicorp/azurerm\"]",
      "instances": [
        {
          "schema_version": 0,
          "attributes": {
            "id": "/subscriptions/77618802-0818-4173-8674-95a126ef0cc2/resourceGroups/myrg-1/providers/Microsoft.Network/networkInterfaces/vmnic|/subscriptions/77618802-0818-4173-8674-95a126ef0cc2/resourceGroups/myrg-1/providers/Microsoft.Network/networkSecurityGroups/nsg",
            "network_interface_id": "/subscriptions/77618802-0818-4173-8674-95a126ef0cc2/resourceGroups/myrg-1/providers/Microsoft.Network/networkInterfaces/vmnic",
            "network_security_group_id": "/subscriptions/77618802-0818-4173-8674-95a126ef0cc2/resourceGroups/myrg-1/providers/Microsoft.Network/networkSecurityGroups/nsg",
            "timeouts": null
          },
          "sensitive_attributes": [],
          "private": "eyJlMmJmYjczMC1lY2FhLTExZTYtOGY4OC0zNDM2M2JjN2M0YzAiOnsiY3JlYXRlIjoxODAwMDAwMDAwMDAwLCJkZWxldGUiOjE4MDAwMDAwMDAwMDAsInJlYWQiOjMwMDAwMDAwMDAwMH19",
          "dependencies": [
            "azurerm_network_interface.myvmnic",
            "azurerm_network_security_group.nsg",
            "azurerm_public_ip.mypublicip",
            "azurerm_resource_group.myrg",
            "azurerm_subnet.mysubnet",
            "azurerm_virtual_network.myvnet",
            "random_string.myrandom"
          ]
        }
      ]
    },
    {
      "mode": "managed",
      "type": "azurerm_network_security_group",
      "name": "nsg",
      "provider": "provider[\"registry.terraform.io/hashicorp/azurerm\"]",
      "instances": [
        {
          "schema_version": 0,
          "attributes": {
            "id": "/subscriptions/77618802-0818-4173-8674-95a126ef0cc2/resourceGroups/myrg-1/providers/Microsoft.Network/networkSecurityGroups/nsg",
            "location": "eastus",
            "name": "nsg",
            "resource_group_name": "myrg-1",
            "security_rule": [
              {
                "access": "Allow",
                "description": "",
                "destination_address_prefix": "*",
                "destination_address_prefixes": [],
                "destination_application_security_group_ids": [],
                "destination_port_range": "22",
                "destination_port_ranges": [],
                "direction": "Inbound",
                "name": "Allow-ssh-22",
                "priority": 105,
                "protocol": "Tcp",
                "source_address_prefix": "*",
                "source_address_prefixes": [],
                "source_application_security_group_ids": [],
                "source_port_range": "*",
                "source_port_ranges": []
              },
              {
                "access": "Allow",
                "description": "",
                "destination_address_prefix": "*",
                "destination_address_prefixes": [],
                "destination_application_security_group_ids": [],
                "destination_port_range": "443",
                "destination_port_ranges": [],
                "direction": "Inbound",
                "name": "Allow-HTTPS-443",
                "priority": 110,
                "protocol": "Tcp",
                "source_address_prefix": "*",
                "source_address_prefixes": [],
                "source_application_security_group_ids": [],
                "source_port_range": "*",
                "source_port_ranges": []
              },
              {
                "access": "Allow",
                "description": "",
                "destination_address_prefix": "*",
                "destination_address_prefixes": [],
                "destination_application_security_group_ids": [],
                "destination_port_range": "80",
                "destination_port_ranges": [],
                "direction": "Inbound",
                "name": "Allow-HTTP-80",
                "priority": 100,
                "protocol": "Tcp",
                "source_address_prefix": "*",
                "source_address_prefixes": [],
                "source_application_security_group_ids": [],
                "source_port_range": "*",
                "source_port_ranges": []
              }
            ],
            "tags": {},
            "timeouts": null
          },
          "sensitive_attributes": [],
          "private": "eyJlMmJmYjczMC1lY2FhLTExZTYtOGY4OC0zNDM2M2JjN2M0YzAiOnsiY3JlYXRlIjoxODAwMDAwMDAwMDAwLCJkZWxldGUiOjE4MDAwMDAwMDAwMDAsInJlYWQiOjMwMDAwMDAwMDAwMCwidXBkYXRlIjoxODAwMDAwMDAwMDAwfX0=",
          "dependencies": [
            "azurerm_resource_group.myrg"
          ]
        }
      ]
    },
    {
      "mode": "managed",
      "type": "azurerm_network_security_group",
      "name": "web_nsg",
      "provider": "provider[\"registry.terraform.io/hashicorp/azurerm\"]",
      "instances": [
        {
          "schema_version": 0,
          "attributes": {
            "id": "/subscriptions/77618802-0818-4173-8674-95a126ef0cc2/resourceGroups/myrg-1/providers/Microsoft.Network/networkSecurityGroups/web-nsg",
            "location": "eastus",
            "name": "web-nsg",
            "resource_group_name": "myrg-1",
            "security_rule": [],
            "tags": {},
            "timeouts": null
          },
          "sensitive_attributes": [],
          "private": "eyJlMmJmYjczMC1lY2FhLTExZTYtOGY4OC0zNDM2M2JjN2M0YzAiOnsiY3JlYXRlIjoxODAwMDAwMDAwMDAwLCJkZWxldGUiOjE4MDAwMDAwMDAwMDAsInJlYWQiOjMwMDAwMDAwMDAwMCwidXBkYXRlIjoxODAwMDAwMDAwMDAwfX0=",
          "dependencies": [
            "azurerm_resource_group.myrg"
          ]
        }
      ]
    },
    {
      "mode": "managed",
      "type": "azurerm_network_security_rule",
      "name": "allow_SHH",
      "provider": "provider[\"registry.terraform.io/hashicorp/azurerm\"]",
      "instances": [
        {
          "schema_version": 0,
          "attributes": {
            "access": "Allow",
            "description": "",
            "destination_address_prefix": "*",
            "destination_address_prefixes": [],
            "destination_application_security_group_ids": [],
            "destination_port_range": "22",
            "destination_port_ranges": [],
            "direction": "Inbound",
            "id": "/subscriptions/77618802-0818-4173-8674-95a126ef0cc2/resourceGroups/myrg-1/providers/Microsoft.Network/networkSecurityGroups/nsg/securityRules/Allow-ssh-22",
            "name": "Allow-ssh-22",
            "network_security_group_name": "nsg",
            "priority": 105,
            "protocol": "Tcp",
            "resource_group_name": "myrg-1",
            "source_address_prefix": "*",
            "source_address_prefixes": [],
            "source_application_security_group_ids": [],
            "source_port_range": "*",
            "source_port_ranges": [],
            "timeouts": null
          },
          "sensitive_attributes": [],
          "private": "eyJlMmJmYjczMC1lY2FhLTExZTYtOGY4OC0zNDM2M2JjN2M0YzAiOnsiY3JlYXRlIjoxODAwMDAwMDAwMDAwLCJkZWxldGUiOjE4MDAwMDAwMDAwMDAsInJlYWQiOjMwMDAwMDAwMDAwMCwidXBkYXRlIjoxODAwMDAwMDAwMDAwfX0=",
          "dependencies": [
            "azurerm_network_security_group.nsg",
            "azurerm_resource_group.myrg"
          ]
        }
      ]
    },
    {
      "mode": "managed",
      "type": "azurerm_network_security_rule",
      "name": "allow_http",
      "provider": "provider[\"registry.terraform.io/hashicorp/azurerm\"]",
      "instances": [
        {
          "schema_version": 0,
          "attributes": {
            "access": "Allow",
            "description": "",
            "destination_address_prefix": "*",
            "destination_address_prefixes": [],
            "destination_application_security_group_ids": [],
            "destination_port_range": "80",
            "destination_port_ranges": [],
            "direction": "Inbound",
            "id": "/subscriptions/77618802-0818-4173-8674-95a126ef0cc2/resourceGroups/myrg-1/providers/Microsoft.Network/networkSecurityGroups/nsg/securityRules/Allow-HTTP-80",
            "name": "Allow-HTTP-80",
            "network_security_group_name": "nsg",
            "priority": 100,
            "protocol": "Tcp",
            "resource_group_name": "myrg-1",
            "source_address_prefix": "*",
            "source_address_prefixes": [],
            "source_application_security_group_ids": [],
            "source_port_range": "*",
            "source_port_ranges": [],
            "timeouts": null
          },
          "sensitive_attributes": [],
          "private": "eyJlMmJmYjczMC1lY2FhLTExZTYtOGY4OC0zNDM2M2JjN2M0YzAiOnsiY3JlYXRlIjoxODAwMDAwMDAwMDAwLCJkZWxldGUiOjE4MDAwMDAwMDAwMDAsInJlYWQiOjMwMDAwMDAwMDAwMCwidXBkYXRlIjoxODAwMDAwMDAwMDAwfX0=",
          "dependencies": [
            "azurerm_network_security_group.nsg",
            "azurerm_resource_group.myrg"
          ]
        }
      ]
    },
    {
      "mode": "managed",
      "type": "azurerm_network_security_rule",
      "name": "allow_https",
      "provider": "provider[\"registry.terraform.io/hashicorp/azurerm\"]",
      "instances": [
        {
          "schema_version": 0,
          "attributes": {
            "access": "Allow",
            "description": "",
            "destination_address_prefix": "*",
            "destination_address_prefixes": [],
            "destination_application_security_group_ids": [],
            "destination_port_range": "443",
            "destination_port_ranges": [],
            "direction": "Inbound",
            "id": "/subscriptions/77618802-0818-4173-8674-95a126ef0cc2/resourceGroups/myrg-1/providers/Microsoft.Network/networkSecurityGroups/nsg/securityRules/Allow-HTTPS-443",
            "name": "Allow-HTTPS-443",
            "network_security_group_name": "nsg",
            "priority": 110,
            "protocol": "Tcp",
            "resource_group_name": "myrg-1",
            "source_address_prefix": "*",
            "source_address_prefixes": [],
            "source_application_security_group_ids": [],
            "source_port_range": "*",
            "source_port_ranges": [],
            "timeouts": null
          },
          "sensitive_attributes": [],
          "private": "eyJlMmJmYjczMC1lY2FhLTExZTYtOGY4OC0zNDM2M2JjN2M0YzAiOnsiY3JlYXRlIjoxODAwMDAwMDAwMDAwLCJkZWxldGUiOjE4MDAwMDAwMDAwMDAsInJlYWQiOjMwMDAwMDAwMDAwMCwidXBkYXRlIjoxODAwMDAwMDAwMDAwfX0=",
          "dependencies": [
            "azurerm_network_security_group.nsg",
            "azurerm_resource_group.myrg"
          ]
        }
      ]
    },
    {
      "mode": "managed",
      "type": "azurerm_public_ip",
      "name": "mypublicip",
      "provider": "provider[\"registry.terraform.io/hashicorp/azurerm\"]",
      "instances": [
        {
          "schema_version": 0,
          "attributes": {
            "allocation_method": "Static",
            "ddos_protection_mode": "VirtualNetworkInherited",
            "ddos_protection_plan_id": null,
            "domain_name_label": "app1-vm-k7qahx",
            "domain_name_label_scope": "",
            "edge_zone": "",
            "fqdn": "app1-vm-k7qahx.eastus.cloudapp.azure.com",
            "id": "/subscriptions/77618802-0818-4173-8674-95a126ef0cc2/resourceGroups/myrg-1/providers/Microsoft.Network/publicIPAddresses/mypublicip-1",
            "idle_timeout_in_minutes": 4,
            "ip_address": "172.173.147.127",
            "ip_tags": {},
            "ip_version": "IPv4",
            "location": "eastus",
            "name": "mypublicip-1",
            "public_ip_prefix_id": null,
            "resource_group_name": "myrg-1",
            "reverse_fqdn": "",
            "sku": "Standard",
            "sku_tier": "Regional",
            "tags": {
              "environment": "Dev"
            },
            "timeouts": null,
            "zones": []
          },
          "sensitive_attributes": [],
          "private": "eyJlMmJmYjczMC1lY2FhLTExZTYtOGY4OC0zNDM2M2JjN2M0YzAiOnsiY3JlYXRlIjoxODAwMDAwMDAwMDAwLCJkZWxldGUiOjE4MDAwMDAwMDAwMDAsInJlYWQiOjMwMDAwMDAwMDAwMCwidXBkYXRlIjoxODAwMDAwMDAwMDAwfX0=",
          "dependencies": [
            "azurerm_resource_group.myrg",
            "random_string.myrandom"
          ]
        }
      ]
    },
    {
      "mode": "managed",
      "type": "azurerm_resource_group",
      "name": "myrg",
      "provider": "provider[\"registry.terraform.io/hashicorp/azurerm\"]",
      "instances": [
        {
          "schema_version": 0,
          "attributes": {
            "id": "/subscriptions/77618802-0818-4173-8674-95a126ef0cc2/resourceGroups/myrg-1",
            "location": "eastus",
            "managed_by": "",
            "name": "myrg-1",
            "tags": {},
            "timeouts": null
          },
          "sensitive_attributes": [],
          "private": "eyJlMmJmYjczMC1lY2FhLTExZTYtOGY4OC0zNDM2M2JjN2M0YzAiOnsiY3JlYXRlIjo1NDAwMDAwMDAwMDAwLCJkZWxldGUiOjU0MDAwMDAwMDAwMDAsInJlYWQiOjMwMDAwMDAwMDAwMCwidXBkYXRlIjo1NDAwMDAwMDAwMDAwfX0="
        }
      ]
    },
    {
      "mode": "managed",
      "type": "azurerm_subnet",
      "name": "mysubnet",
      "provider": "provider[\"registry.terraform.io/hashicorp/azurerm\"]",
      "instances": [
        {
          "schema_version": 0,
          "attributes": {
            "address_prefixes": [
              "10.0.2.0/24"
            ],
            "default_outbound_access_enabled": true,
            "delegation": [],
            "id": "/subscriptions/77618802-0818-4173-8674-95a126ef0cc2/resourceGroups/myrg-1/providers/Microsoft.Network/virtualNetworks/myvnet-1/subnets/mysubnet-1",
            "ip_address_pool": [],
            "name": "mysubnet-1",
            "private_endpoint_network_policies": "Disabled",
            "private_link_service_network_policies_enabled": true,
            "resource_group_name": "myrg-1",
            "service_endpoint_policy_ids": [],
            "service_endpoints": [],
            "sharing_scope": "",
            "timeouts": null,
            "virtual_network_name": "myvnet-1"
          },
          "sensitive_attributes": [],
          "private": "eyJlMmJmYjczMC1lY2FhLTExZTYtOGY4OC0zNDM2M2JjN2M0YzAiOnsiY3JlYXRlIjoxODAwMDAwMDAwMDAwLCJkZWxldGUiOjE4MDAwMDAwMDAwMDAsInJlYWQiOjMwMDAwMDAwMDAwMCwidXBkYXRlIjoxODAwMDAwMDAwMDAwfX0=",
          "dependencies": [
            "azurerm_resource_group.myrg",
            "azurerm_virtual_network.myvnet"
          ]
        }
      ]
    },
    {
      "mode": "managed",
      "type": "azurerm_virtual_network",
      "name": "myvnet",
      "provider": "provider[\"registry.terraform.io/hashicorp/azurerm\"]",
      "instances": [
        {
          "schema_version": 0,
          "attributes": {
            "address_space": [
              "10.0.0.0/16"
            ],
            "bgp_community": "",
            "ddos_protection_plan": [],
            "dns_servers": [],
            "edge_zone": "",
            "encryption": [],
            "flow_timeout_in_minutes": 0,
            "guid": "4bc96a8a-b31d-435d-bc59-21310f70a0fc",
            "id": "/subscriptions/77618802-0818-4173-8674-95a126ef0cc2/resourceGroups/myrg-1/providers/Microsoft.Network/virtualNetworks/myvnet-1",
            "ip_address_pool": [],
            "location": "eastus",
            "name": "myvnet-1",
            "private_endpoint_vnet_policies": "Disabled",
            "resource_group_name": "myrg-1",
            "subnet": [
              {
                "address_prefixes": [
                  "10.0.2.0/24"
                ],
                "default_outbound_access_enabled": true,
                "delegation": [],
                "id": "/subscriptions/77618802-0818-4173-8674-95a126ef0cc2/resourceGroups/myrg-1/providers/Microsoft.Network/virtualNetworks/myvnet-1/subnets/mysubnet-1",
                "name": "mysubnet-1",
                "private_endpoint_network_policies": "Disabled",
                "private_link_service_network_policies_enabled": true,
                "route_table_id": "",
                "security_group": "",
                "service_endpoint_policy_ids": [],
                "service_endpoints": []
              }
            ],
            "tags": {},
            "timeouts": null
          },
          "sensitive_attributes": [],
          "private": "eyJlMmJmYjczMC1lY2FhLTExZTYtOGY4OC0zNDM2M2JjN2M0YzAiOnsiY3JlYXRlIjoxODAwMDAwMDAwMDAwLCJkZWxldGUiOjE4MDAwMDAwMDAwMDAsInJlYWQiOjMwMDAwMDAwMDAwMCwidXBkYXRlIjoxODAwMDAwMDAwMDAwfX0=",
          "dependencies": [
            "azurerm_resource_group.myrg"
          ]
        }
      ]
    },
    {
      "mode": "managed",
      "type": "random_string",
      "name": "myrandom",
      "provider": "provider[\"registry.terraform.io/hashicorp/random\"]",
      "instances": [
        {
          "schema_version": 2,
          "attributes": {
            "id": "k7qahx",
            "keepers": null,
            "length": 6,
            "lower": true,
            "min_lower": 0,
            "min_numeric": 0,
            "min_special": 0,
            "min_upper": 0,
            "number": true,
            "numeric": true,
            "override_special": null,
            "result": "k7qahx",
            "special": false,
            "upper": false
          },
          "sensitive_attributes": []
        }
      ]
    }
  ],
  "check_results": null
}
